
Microsoft Visual Studio Solution File, Format Version 12.00
# Visual Studio Version 17
VisualStudioVersion = 17.0.31903.59
MinimumVisualStudioVersion = 10.0.40219.1
Project("{FAE04EC0-301F-11D3-BF4B-00C04F79EFBC}") = "Rodentia.Web", "Rodentia.Web\Rodentia.Web.csproj", "{083AC730-3A27-4165-9EAA-64BB63E2A2B7}"
EndProject
Project("{FAE04EC0-301F-11D3-BF4B-00C04F79EFBC}") = "Rodentia.Core", "Rodentia.Core\Rodentia.Core.csproj", "{EA19DC6C-6985-44B7-A275-DC5E36156FB1}"
EndProject
Project("{FAE04EC0-301F-11D3-BF4B-00C04F79EFBC}") = "Rodentia.Data", "Rodentia.Data\Rodentia.Data.csproj", "{8148D4AA-28C7-4B65-851A-8DE19A8A18C2}"
EndProject
Global
	GlobalSection(SolutionConfigurationPlatforms) = preSolution
		Debug|Any CPU = Debug|Any CPU
		Release|Any CPU = Release|Any CPU
	EndGlobalSection
	GlobalSection(SolutionProperties) = preSolution
		HideSolutionNode = FALSE
	EndGlobalSection
	GlobalSection(ProjectConfigurationPlatforms) = postSolution
		{083AC730-3A27-4165-9EAA-64BB63E2A2B7}.Debug|Any CPU.ActiveCfg = Debug|Any CPU
		{083AC730-3A27-4165-9EAA-64BB63E2A2B7}.Debug|Any CPU.Build.0 = Debug|Any CPU
		{083AC730-3A27-4165-9EAA-64BB63E2A2B7}.Release|Any CPU.ActiveCfg = Release|Any CPU
		{083AC730-3A27-4165-9EAA-64BB63E2A2B7}.Release|Any CPU.Build.0 = Release|Any CPU
		{EA19DC6C-6985-44B7-A275-DC5E36156FB1}.Debug|Any CPU.ActiveCfg = Debug|Any CPU
		{EA19DC6C-6985-44B7-A275-DC5E36156FB1}.Debug|Any CPU.Build.0 = Debug|Any CPU
		{EA19DC6C-6985-44B7-A275-DC5E36156FB1}.Release|Any CPU.ActiveCfg = Release|Any CPU
		{EA19DC6C-6985-44B7-A275-DC5E36156FB1}.Release|Any CPU.Build.0 = Release|Any CPU
		{8148D4AA-28C7-4B65-851A-8DE19A8A18C2}.Debug|Any CPU.ActiveCfg = Debug|Any CPU
		{8148D4AA-28C7-4B65-851A-8DE19A8A18C2}.Debug|Any CPU.Build.0 = Debug|Any CPU
		{8148D4AA-28C7-4B65-851A-8DE19A8A18C2}.Release|Any CPU.ActiveCfg = Release|Any CPU
		{8148D4AA-28C7-4B65-851A-8DE19A8A18C2}.Release|Any CPU.Build.0 = Release|Any CPU
	EndGlobalSection
EndGlobal
